// !$*UTF8*$!
{
	archiveVersion = 1;
	classes = {
	};
	objectVersion = 56;
	objects = {

/* Begin PBXBuildFile section */
		52843EC62BDDF91700340813 /* AppDelegate.swift in Sources */ = {isa = PBXBuildFile; fileRef = 52843EC52BDDF91700340813 /* AppDelegate.swift */; };
		52843ECD2BDDF91700340813 /* Base in Resources */ = {isa = PBXBuildFile; fileRef = 52843ECC2BDDF91700340813 /* Base */; };
		52843ECF2BDDF91800340813 /* Assets.xcassets in Resources */ = {isa = PBXBuildFile; fileRef = 52843ECE2BDDF91800340813 /* Assets.xcassets */; };
		52843ED22BDDF91800340813 /* Base in Resources */ = {isa = PBXBuildFile; fileRef = 52843ED12BDDF91800340813 /* Base */; };
		52843EDA2BDDFF4300340813 /* NotesViewController.swift in Sources */ = {isa = PBXBuildFile; fileRef = 52843ED92BDDFF4300340813 /* NotesViewController.swift */; };
		52843EDC2BDDFFDB00340813 /* CreateNoteViewController.swift in Sources */ = {isa = PBXBuildFile; fileRef = 52843EDB2BDDFFDB00340813 /* CreateNoteViewController.swift */; };
		52A7FD422BDF888300838264 /* TestNotesViewController.xib in Resources */ = {isa = PBXBuildFile; fileRef = 52A7FD412BDF888300838264 /* TestNotesViewController.xib */; };
		52A7FD432BDF888300838264 /* TestNotesViewController.swift in Sources */ = {isa = PBXBuildFile; fileRef = 52A7FD402BDF888300838264 /* TestNotesViewController.swift */; };
		52B8649F2BE62C6D00F21514 /* EditNoteViewController.swift in Sources */ = {isa = PBXBuildFile; fileRef = 52B8649E2BE62C6D00F21514 /* EditNoteViewController.swift */; };
		52B864A22BE6366500F21514 /* KeyboardUtil.swift in Sources */ = {isa = PBXBuildFile; fileRef = 52B864A12BE6366500F21514 /* KeyboardUtil.swift */; };
/* End PBXBuildFile section */

/* Begin PBXFileReference section */
		52843EC22BDDF91700340813 /* NoteList.app */ = {isa = PBXFileReference; explicitFileType = wrapper.application; includeInIndex = 0; path = NoteList.app; sourceTree = BUILT_PRODUCTS_DIR; };
		52843EC52BDDF91700340813 /* AppDelegate.swift */ = {isa = PBXFileReference; lastKnownFileType = sourcecode.swift; path = AppDelegate.swift; sourceTree = "<group>"; };
		52843ECC2BDDF91700340813 /* Base */ = {isa = PBXFileReference; lastKnownFileType = file.storyboard; name = Base; path = Base.lproj/Main.storyboard; sourceTree = "<group>"; };
		52843ECE2BDDF91800340813 /* Assets.xcassets */ = {isa = PBXFileReference; lastKnownFileType = folder.assetcatalog; path = Assets.xcassets; sourceTree = "<group>"; };
		52843ED12BDDF91800340813 /* Base */ = {isa = PBXFileReference; lastKnownFileType = file.storyboard; name = Base; path = Base.lproj/LaunchScreen.storyboard; sourceTree = "<group>"; };
		52843ED32BDDF91800340813 /* Info.plist */ = {isa = PBXFileReference; lastKnownFileType = text.plist.xml; path = Info.plist; sourceTree = "<group>"; };
		52843ED92BDDFF4300340813 /* NotesViewController.swift */ = {isa = PBXFileReference; lastKnownFileType = sourcecode.swift; path = NotesViewController.swift; sourceTree = "<group>"; };
		52843EDB2BDDFFDB00340813 /* CreateNoteViewController.swift */ = {isa = PBXFileReference; lastKnownFileType = sourcecode.swift; path = CreateNoteViewController.swift; sourceTree = "<group>"; };
		52A7FD402BDF888300838264 /* TestNotesViewController.swift */ = {isa = PBXFileReference; lastKnownFileType = sourcecode.swift; path = TestNotesViewController.swift; sourceTree = "<group>"; };
		52A7FD412BDF888300838264 /* TestNotesViewController.xib */ = {isa = PBXFileReference; lastKnownFileType = file.xib; path = TestNotesViewController.xib; sourceTree = "<group>"; };
		52B8649E2BE62C6D00F21514 /* EditNoteViewController.swift */ = {isa = PBXFileReference; lastKnownFileType = sourcecode.swift; path = EditNoteViewController.swift; sourceTree = "<group>"; };
		52B864A12BE6366500F21514 /* KeyboardUtil.swift */ = {isa = PBXFileReference; lastKnownFileType = sourcecode.swift; path = KeyboardUtil.swift; sourceTree = "<group>"; };
/* End PBXFileReference section */

/* Begin PBXFrameworksBuildPhase section */
		52843EBF2BDDF91700340813 /* Frameworks */ = {
			isa = PBXFrameworksBuildPhase;
			buildActionMask = 2147483647;
			files = (
			);
			runOnlyForDeploymentPostprocessing = 0;
		};
/* End PBXFrameworksBuildPhase section */

/* Begin PBXGroup section */
		52843EB92BDDF91600340813 = {
			isa = PBXGroup;
			children = (
				52843EC42BDDF91700340813 /* NoteList */,
				52843EC32BDDF91700340813 /* Products */,
			);
			sourceTree = "<group>";
		};
		52843EC32BDDF91700340813 /* Products */ = {
			isa = PBXGroup;
			children = (
				52843EC22BDDF91700340813 /* NoteList.app */,
			);
			name = Products;
			sourceTree = "<group>";
		};
		52843EC42BDDF91700340813 /* NoteList */ = {
			isa = PBXGroup;
			children = (
				52B864A32BE637D400F21514 /* Validation */,
				52B864A02BE6364B00F21514 /* Util */,
				52843EC52BDDF91700340813 /* AppDelegate.swift */,
				52843ECB2BDDF91700340813 /* Main.storyboard */,
				52843ECE2BDDF91800340813 /* Assets.xcassets */,
				52843ED02BDDF91800340813 /* LaunchScreen.storyboard */,
				52843ED32BDDF91800340813 /* Info.plist */,
				52843ED92BDDFF4300340813 /* NotesViewController.swift */,
				52843EDB2BDDFFDB00340813 /* CreateNoteViewController.swift */,
				52B8649E2BE62C6D00F21514 /* EditNoteViewController.swift */,
				52A7FD402BDF888300838264 /* TestNotesViewController.swift */,
				52A7FD412BDF888300838264 /* TestNotesViewController.xib */,
			);
			path = NoteList;
			sourceTree = "<group>";
		};
		52B864A02BE6364B00F21514 /* Util */ = {
			isa = PBXGroup;
			children = (
				52B864A12BE6366500F21514 /* KeyboardUtil.swift */,
			);
			path = Util;
			sourceTree = "<group>";
		};
		52B864A32BE637D400F21514 /* Validation */ = {
			isa = PBXGroup;
			children = (
			);
			path = Validation;
			sourceTree = "<group>";
		};
/* End PBXGroup section */

/* Begin PBXNativeTarget section */
		52843EC12BDDF91700340813 /* NoteList */ = {
			isa = PBXNativeTarget;
			buildConfigurationList = 52843ED62BDDF91800340813 /* Build configuration list for PBXNativeTarget "NoteList" */;
			buildPhases = (
				52843EBE2BDDF91700340813 /* Sources */,
				52843EBF2BDDF91700340813 /* Frameworks */,
				52843EC02BDDF91700340813 /* Resources */,
			);
			buildRules = (
			);
			dependencies = (
			);
			name = NoteList;
			productName = NoteList;
			productReference = 52843EC22BDDF91700340813 /* NoteList.app */;
			productType = "com.apple.product-type.application";
		};
/* End PBXNativeTarget section */

/* Begin PBXProject section */
		52843EBA2BDDF91600340813 /* Project object */ = {
			isa = PBXProject;
			attributes = {
				BuildIndependentTargetsInParallel = 1;
				LastSwiftUpdateCheck = 1530;
				LastUpgradeCheck = 1530;
				TargetAttributes = {
					52843EC12BDDF91700340813 = {
						CreatedOnToolsVersion = 15.3;
					};
				};
			};
			buildConfigurationList = 52843EBD2BDDF91600340813 /* Build configuration list for PBXProject "NoteList" */;
			compatibilityVersion = "Xcode 14.0";
			developmentRegion = en;
			hasScannedForEncodings = 0;
			knownRegions = (
				en,
				Base,
			);
			mainGroup = 52843EB92BDDF91600340813;
			productRefGroup = 52843EC32BDDF91700340813 /* Products */;
			projectDirPath = "";
			projectRoot = "";
			targets = (
				52843EC12BDDF91700340813 /* NoteList */,
			);
		};
/* End PBXProject section */

/* Begin PBXResourcesBuildPhase section */
		52843EC02BDDF91700340813 /* Resources */ = {
			isa = PBXResourcesBuildPhase;
			buildActionMask = 2147483647;
			files = (
				52A7FD422BDF888300838264 /* TestNotesViewController.xib in Resources */,
				52843ECF2BDDF91800340813 /* Assets.xcassets in Resources */,
				52843ED22BDDF91800340813 /* Base in Resources */,
				52843ECD2BDDF91700340813 /* Base in Resources */,
			);
			runOnlyForDeploymentPostprocessing = 0;
		};
/* End PBXResourcesBuildPhase section */

/* Begin PBXSourcesBuildPhase section */
		52843EBE2BDDF91700340813 /* Sources */ = {
			isa = PBXSourcesBuildPhase;
			buildActionMask = 2147483647;
			files = (
				52A7FD432BDF888300838264 /* TestNotesViewController.swift in Sources */,
				52843EDA2BDDFF4300340813 /* NotesViewController.swift in Sources */,
				52B864A22BE6366500F21514 /* KeyboardUtil.swift in Sources */,
				52843EDC2BDDFFDB00340813 /* CreateNoteViewController.swift in Sources */,
				52B8649F2BE62C6D00F21514 /* EditNoteViewController.swift in Sources */,
				52843EC62BDDF91700340813 /* AppDelegate.swift in Sources */,
			);
			runOnlyForDeploymentPostprocessing = 0;
		};
/* End PBXSourcesBuildPhase section */

/* Begin PBXVariantGroup section */
		52843ECB2BDDF91700340813 /* Main.storyboard */ = {
			isa = PBXVariantGroup;
			children = (
				52843ECC2BDDF91700340813 /* Base */,
			);
			name = Main.storyboard;
			sourceTree = "<group>";
		};
		52843ED02BDDF91800340813 /* LaunchScreen.storyboard */ = {
			isa = PBXVariantGroup;
			children = (
				52843ED12BDDF91800340813 /* Base */,
			);
			name = LaunchScreen.storyboard;
			sourceTree = "<group>";
		};
/* End PBXVariantGroup section */

/* Begin XCBuildConfiguration section */
		52843ED42BDDF91800340813 /* Debug */ = {
			isa = XCBuildConfiguration;
			buildSettings = {
				ALWAYS_SEARCH_USER_PATHS = NO;
				ASSETCATALOG_COMPILER_GENERATE_SWIFT_ASSET_SYMBOL_EXTENSIONS = YES;
				CLANG_ANALYZER_NONNULL = YES;
				CLANG_ANALYZER_NUMBER_OBJECT_CONVERSION = YES_AGGRESSIVE;
				CLANG_CXX_LANGUAGE_STANDARD = "gnu++20";
				CLANG_ENABLE_MODULES = YES;
				CLANG_ENABLE_OBJC_ARC = YES;
				CLANG_ENABLE_OBJC_WEAK = YES;
				CLANG_WARN_BLOCK_CAPTURE_AUTORELEASING = YES;
				CLANG_WARN_BOOL_CONVERSION = YES;
				CLANG_WARN_COMMA = YES;
				CLANG_WARN_CONSTANT_CONVERSION = YES;
				CLANG_WARN_DEPRECATED_OBJC_IMPLEMENTATIONS = YES;
				CLANG_WARN_DIRECT_OBJC_ISA_USAGE = YES_ERROR;
				CLANG_WARN_DOCUMENTATION_COMMENTS = YES;
				CLANG_WARN_EMPTY_BODY = YES;
				CLANG_WARN_ENUM_CONVERSION = YES;
				CLANG_WARN_INFINITE_RECURSION = YES;
				CLANG_WARN_INT_CONVERSION = YES;
				CLANG_WARN_NON_LITERAL_NULL_CONVERSION = YES;
				CLANG_WARN_OBJC_IMPLICIT_RETAIN_SELF = YES;
				CLANG_WARN_OBJC_LITERAL_CONVERSION = YES;
				CLANG_WARN_OBJC_ROOT_CLASS = YES_ERROR;
				CLANG_WARN_QUOTED_INCLUDE_IN_FRAMEWORK_HEADER = YES;
				CLANG_WARN_RANGE_LOOP_ANALYSIS = YES;
				CLANG_WARN_STRICT_PROTOTYPES = YES;
				CLANG_WARN_SUSPICIOUS_MOVE = YES;
				CLANG_WARN_UNGUARDED_AVAILABILITY = YES_AGGRESSIVE;
				CLANG_WARN_UNREACHABLE_CODE = YES;
				CLANG_WARN__DUPLICATE_METHOD_MATCH = YES;
				COPY_PHASE_STRIP = NO;
				DEBUG_INFORMATION_FORMAT = dwarf;
				ENABLE_STRICT_OBJC_MSGSEND = YES;
				ENABLE_TESTABILITY = YES;
				ENABLE_USER_SCRIPT_SANDBOXING = YES;
				GCC_C_LANGUAGE_STANDARD = gnu17;
				GCC_DYNAMIC_NO_PIC = NO;
				GCC_NO_COMMON_BLOCKS = YES;
				GCC_OPTIMIZATION_LEVEL = 0;
				GCC_PREPROCESSOR_DEFINITIONS = (
					"DEBUG=1",
					"$(inherited)",
				);
				GCC_WARN_64_TO_32_BIT_CONVERSION = YES;
				GCC_WARN_ABOUT_RETURN_TYPE = YES_ERROR;
				GCC_WARN_UNDECLARED_SELECTOR = YES;
				GCC_WARN_UNINITIALIZED_AUTOS = YES_AGGRESSIVE;
				GCC_WARN_UNUSED_FUNCTION = YES;
				GCC_WARN_UNUSED_VARIABLE = YES;
				IPHONEOS_DEPLOYMENT_TARGET = 17.4;
				LOCALIZATION_PREFERS_STRING_CATALOGS = YES;
				MTL_ENABLE_DEBUG_INFO = INCLUDE_SOURCE;
				MTL_FAST_MATH = YES;
				ONLY_ACTIVE_ARCH = YES;
				SDKROOT = iphoneos;
				SWIFT_ACTIVE_COMPILATION_CONDITIONS = "DEBUG $(inherited)";
				SWIFT_OPTIMIZATION_LEVEL = "-Onone";
			};
			name = Debug;
		};
		52843ED52BDDF91800340813 /* Release */ = {
			isa = XCBuildConfiguration;
			buildSettings = {
				ALWAYS_SEARCH_USER_PATHS = NO;
				ASSETCATALOG_COMPILER_GENERATE_SWIFT_ASSET_SYMBOL_EXTENSIONS = YES;
				CLANG_ANALYZER_NONNULL = YES;
				CLANG_ANALYZER_NUMBER_OBJECT_CONVERSION = YES_AGGRESSIVE;
				CLANG_CXX_LANGUAGE_STANDARD = "gnu++20";
				CLANG_ENABLE_MODULES = YES;
				CLANG_ENABLE_OBJC_ARC = YES;
				CLANG_ENABLE_OBJC_WEAK = YES;
				CLANG_WARN_BLOCK_CAPTURE_AUTORELEASING = YES;
				CLANG_WARN_BOOL_CONVERSION = YES;
				CLANG_WARN_COMMA = YES;
				CLANG_WARN_CONSTANT_CONVERSION = YES;
				CLANG_WARN_DEPRECATED_OBJC_IMPLEMENTATIONS = YES;
				CLANG_WARN_DIRECT_OBJC_ISA_USAGE = YES_ERROR;
				CLANG_WARN_DOCUMENTATION_COMMENTS = YES;
				CLANG_WARN_EMPTY_BODY = YES;
				CLANG_WARN_ENUM_CONVERSION = YES;
				CLANG_WARN_INFINITE_RECURSION = YES;
				CLANG_WARN_INT_CONVERSION = YES;
				CLANG_WARN_NON_LITERAL_NULL_CONVERSION = YES;
				CLANG_WARN_OBJC_IMPLICIT_RETAIN_SELF = YES;
				CLANG_WARN_OBJC_LITERAL_CONVERSION = YES;
				CLANG_WARN_OBJC_ROOT_CLASS = YES_ERROR;
				CLANG_WARN_QUOTED_INCLUDE_IN_FRAMEWORK_HEADER = YES;
				CLANG_WARN_RANGE_LOOP_ANALYSIS = YES;
				CLANG_WARN_STRICT_PROTOTYPES = YES;
				CLANG_WARN_SUSPICIOUS_MOVE = YES;
				CLANG_WARN_UNGUARDED_AVAILABILITY = YES_AGGRESSIVE;
				CLANG_WARN_UNREACHABLE_CODE = YES;
				CLANG_WARN__DUPLICATE_METHOD_MATCH = YES;
				COPY_PHASE_STRIP = NO;
				DEBUG_INFORMATION_FORMAT = "dwarf-with-dsym";
				ENABLE_NS_ASSERTIONS = NO;
				ENABLE_STRICT_OBJC_MSGSEND = YES;
				ENABLE_USER_SCRIPT_SANDBOXING = YES;
				GCC_C_LANGUAGE_STANDARD = gnu17;
				GCC_NO_COMMON_BLOCKS = YES;
				GCC_WARN_64_TO_32_BIT_CONVERSION = YES;
				GCC_WARN_ABOUT_RETURN_TYPE = YES_ERROR;
				GCC_WARN_UNDECLARED_SELECTOR = YES;
				GCC_WARN_UNINITIALIZED_AUTOS = YES_AGGRESSIVE;
				GCC_WARN_UNUSED_FUNCTION = YES;
				GCC_WARN_UNUSED_VARIABLE = YES;
				IPHONEOS_DEPLOYMENT_TARGET = 17.4;
				LOCALIZATION_PREFERS_STRING_CATALOGS = YES;
				MTL_ENABLE_DEBUG_INFO = NO;
				MTL_FAST_MATH = YES;
				SDKROOT = iphoneos;
				SWIFT_COMPILATION_MODE = wholemodule;
				VALIDATE_PRODUCT = YES;
			};
			name = Release;
		};
		52843ED72BDDF91800340813 /* Debug */ = {
			isa = XCBuildConfiguration;
			buildSettings = {
				ASSETCATALOG_COMPILER_APPICON_NAME = AppIcon;
				ASSETCATALOG_COMPILER_GLOBAL_ACCENT_COLOR_NAME = AccentColor;
				CODE_SIGN_STYLE = Automatic;
				CURRENT_PROJECT_VERSION = 1;
				DEVELOPMENT_TEAM = HG7TQ755V4;
				GENERATE_INFOPLIST_FILE = YES;
				INFOPLIST_FILE = NoteList/Info.plist;
				INFOPLIST_KEY_CFBundleDisplayName = NoteList;
				INFOPLIST_KEY_UIApplicationSupportsIndirectInputEvents = YES;
				INFOPLIST_KEY_UILaunchStoryboardName = LaunchScreen;
				INFOPLIST_KEY_UIMainStoryboardFile = Main;
				INFOPLIST_KEY_UISupportedInterfaceOrientations_iPad = "UIInterfaceOrientationPortrait UIInterfaceOrientationPortraitUpsideDown UIInterfaceOrientationLandscapeLeft UIInterfaceOrientationLandscapeRight";
				INFOPLIST_KEY_UISupportedInterfaceOrientations_iPhone = "UIInterfaceOrientationPortrait UIInterfaceOrientationLandscapeLeft UIInterfaceOrientationLandscapeRight";
				IPHONEOS_DEPLOYMENT_TARGET = 12.0;
				LD_RUNPATH_SEARCH_PATHS = (
					"$(inherited)",
					"@executable_path/Frameworks",
				);
				MARKETING_VERSION = 1.0;
				PRODUCT_BUNDLE_IDENTIFIER = com.vicheak.NoteList;
				PRODUCT_NAME = "$(TARGET_NAME)";
				SWIFT_EMIT_LOC_STRINGS = YES;
				SWIFT_VERSION = 5.0;
				TARGETED_DEVICE_FAMILY = "1,2";
			};
			name = Debug;
		};
		52843ED82BDDF91800340813 /* Release */ = {
			isa = XCBuildConfiguration;
			buildSettings = {
				ASSETCATALOG_COMPILER_APPICON_NAME = AppIcon;
				ASSETCATALOG_COMPILER_GLOBAL_ACCENT_COLOR_NAME = AccentColor;
				CODE_SIGN_STYLE = Automatic;
				CURRENT_PROJECT_VERSION = 1;
				DEVELOPMENT_TEAM = HG7TQ755V4;
				GENERATE_INFOPLIST_FILE = YES;
				INFOPLIST_FILE = NoteList/Info.plist;
				INFOPLIST_KEY_CFBundleDisplayName = NoteList;
				INFOPLIST_KEY_UIApplicationSupportsIndirectInputEvents = YES;
				INFOPLIST_KEY_UILaunchStoryboardName = LaunchScreen;
				INFOPLIST_KEY_UIMainStoryboardFile = Main;
				INFOPLIST_KEY_UISupportedInterfaceOrientations_iPad = "UIInterfaceOrientationPortrait UIInterfaceOrientationPortraitUpsideDown UIInterfaceOrientationLandscapeLeft UIInterfaceOrientationLandscapeRight";
				INFOPLIST_KEY_UISupportedInterfaceOrientations_iPhone = "UIInterfaceOrientationPortrait UIInterfaceOrientationLandscapeLeft UIInterfaceOrientationLandscapeRight";
				IPHONEOS_DEPLOYMENT_TARGET = 12.0;
				LD_RUNPATH_SEARCH_PATHS = (
					"$(inherited)",
					"@executable_path/Frameworks",
				);
				MARKETING_VERSION = 1.0;
				PRODUCT_BUNDLE_IDENTIFIER = com.vicheak.NoteList;
				PRODUCT_NAME = "$(TARGET_NAME)";
				SWIFT_EMIT_LOC_STRINGS = YES;
				SWIFT_VERSION = 5.0;
				TARGETED_DEVICE_FAMILY = "1,2";
			};
			name = Release;
		};
/* End XCBuildConfiguration section */

/* Begin XCConfigurationList section */
		52843EBD2BDDF91600340813 /* Build configuration list for PBXProject "NoteList" */ = {
			isa = XCConfigurationList;
			buildConfigurations = (
				52843ED42BDDF91800340813 /* Debug */,
				52843ED52BDDF91800340813 /* Release */,
			);
			defaultConfigurationIsVisible = 0;
			defaultConfigurationName = Release;
		};
		52843ED62BDDF91800340813 /* Build configuration list for PBXNativeTarget "NoteList" */ = {
			isa = XCConfigurationList;
			buildConfigurations = (
				52843ED72BDDF91800340813 /* Debug */,
				52843ED82BDDF91800340813 /* Release */,
			);
			defaultConfigurationIsVisible = 0;
			defaultConfigurationName = Release;
		};
/* End XCConfigurationList section */
	};
	rootObject = 52843EBA2BDDF91600340813 /* Project object */;
}
